
Microsoft Visual Studio Solution File, Format Version 12.00
# Visual Studio Version 17
VisualStudioVersion = 17.9.34728.123
MinimumVisualStudioVersion = 10.0.40219.1
Project("{FAE04EC0-301F-11D3-BF4B-00C04F79EFBC}") = "Labb 3 - GUI Quiz", "Labb 3 - GUI Quiz.csproj", "{DE832E1C-A451-420D-B4B3-5F500AABC67E}"
EndProject
Global
	GlobalSection(SolutionConfigurationPlatforms) = preSolution
		Debug|Any CPU = Debug|Any CPU
		Release|Any CPU = Release|Any CPU
	EndGlobalSection
	GlobalSection(ProjectConfigurationPlatforms) = postSolution
		{DE832E1C-A451-420D-B4B3-5F500AABC67E}.Debug|Any CPU.ActiveCfg = Debug|Any CPU
		{DE832E1C-A451-420D-B4B3-5F500AABC67E}.Debug|Any CPU.Build.0 = Debug|Any CPU
		{DE832E1C-A451-420D-B4B3-5F500AABC67E}.Release|Any CPU.ActiveCfg = Release|Any CPU
		{DE832E1C-A451-420D-B4B3-5F500AABC67E}.Release|Any CPU.Build.0 = Release|Any CPU
	EndGlobalSection
	GlobalSection(SolutionProperties) = preSolution
		HideSolutionNode = FALSE
	EndGlobalSection
	GlobalSection(ExtensibilityGlobals) = postSolution
		SolutionGuid = {B06248EC-878B-4769-AFC2-8D5E76A41E75}
	EndGlobalSection
EndGlobal
